
Microsoft Visual Studio Solution File, Format Version 12.00
# Visual Studio 15
VisualStudioVersion = 15.0.28307.421
MinimumVisualStudioVersion = 10.0.40219.1
Project("{FAE04EC0-301F-11D3-BF4B-00C04F79EFBC}") = "SportsStoreCore", "SportStoreCore\SportsStoreCore.csproj", "{AB0972C8-1335-4DE5-80B5-C0C3A9660278}"
EndProject
Global
	GlobalSection(SolutionConfigurationPlatforms) = preSolution
		Debug|Any CPU = Debug|Any CPU
		Release|Any CPU = Release|Any CPU
	EndGlobalSection
	GlobalSection(ProjectConfigurationPlatforms) = postSolution
		{AB0972C8-1335-4DE5-80B5-C0C3A9660278}.Debug|Any CPU.ActiveCfg = Debug|Any CPU
		{AB0972C8-1335-4DE5-80B5-C0C3A9660278}.Debug|Any CPU.Build.0 = Debug|Any CPU
		{AB0972C8-1335-4DE5-80B5-C0C3A9660278}.Release|Any CPU.ActiveCfg = Release|Any CPU
		{AB0972C8-1335-4DE5-80B5-C0C3A9660278}.Release|Any CPU.Build.0 = Release|Any CPU
	EndGlobalSection
	GlobalSection(SolutionProperties) = preSolution
		HideSolutionNode = FALSE
	EndGlobalSection
	GlobalSection(ExtensibilityGlobals) = postSolution
		SolutionGuid = {AA520DBF-DA53-4357-A9D9-9551995D8F13}
	EndGlobalSection
EndGlobal
